
Microsoft Visual Studio Solution File, Format Version 12.00
# Visual Studio 14
VisualStudioVersion = 14.0.25123.0
MinimumVisualStudioVersion = 10.0.40219.1
Project("{FAE04EC0-301F-11D3-BF4B-00C04F79EFBC}") = "WebChatApplicationSignalR", "WebChatApplicationSignalR\WebChatApplicationSignalR.csproj", "{DD78971B-D878-4E29-B5DA-FBC087FE2ACF}"
EndProject
Global
	GlobalSection(SolutionConfigurationPlatforms) = preSolution
		Debug|Any CPU = Debug|Any CPU
		Release|Any CPU = Release|Any CPU
	EndGlobalSection
	GlobalSection(ProjectConfigurationPlatforms) = postSolution
		{DD78971B-D878-4E29-B5DA-FBC087FE2ACF}.Debug|Any CPU.ActiveCfg = Debug|Any CPU
		{DD78971B-D878-4E29-B5DA-FBC087FE2ACF}.Debug|Any CPU.Build.0 = Debug|Any CPU
		{DD78971B-D878-4E29-B5DA-FBC087FE2ACF}.Release|Any CPU.ActiveCfg = Release|Any CPU
		{DD78971B-D878-4E29-B5DA-FBC087FE2ACF}.Release|Any CPU.Build.0 = Release|Any CPU
	EndGlobalSection
	GlobalSection(SolutionProperties) = preSolution
		HideSolutionNode = FALSE
	EndGlobalSection
EndGlobal
